
Microsoft Visual Studio Solution File, Format Version 12.00
# Visual Studio 15
VisualStudioVersion = 15.0.28010.2036
MinimumVisualStudioVersion = 10.0.40219.1
Project("{FAE04EC0-301F-11D3-BF4B-00C04F79EFBC}") = "Test", "Test\Test.csproj", "{3DCE9FA2-BD0E-4BD8-AEE9-6A54C570ADE9}"
EndProject
Global
	GlobalSection(SolutionConfigurationPlatforms) = preSolution
		Debug|Any CPU = Debug|Any CPU
		Release|Any CPU = Release|Any CPU
	EndGlobalSection
	GlobalSection(ProjectConfigurationPlatforms) = postSolution
		{3DCE9FA2-BD0E-4BD8-AEE9-6A54C570ADE9}.Debug|Any CPU.ActiveCfg = Debug|Any CPU
		{3DCE9FA2-BD0E-4BD8-AEE9-6A54C570ADE9}.Debug|Any CPU.Build.0 = Debug|Any CPU
		{3DCE9FA2-BD0E-4BD8-AEE9-6A54C570ADE9}.Release|Any CPU.ActiveCfg = Release|Any CPU
		{3DCE9FA2-BD0E-4BD8-AEE9-6A54C570ADE9}.Release|Any CPU.Build.0 = Release|Any CPU
	EndGlobalSection
	GlobalSection(SolutionProperties) = preSolution
		HideSolutionNode = FALSE
	EndGlobalSection
	GlobalSection(ExtensibilityGlobals) = postSolution
		SolutionGuid = {C8B64745-5BAA-4487-9145-10F3A889D0D4}
	EndGlobalSection
EndGlobal
